
Microsoft Visual Studio Solution File, Format Version 12.00
Project("{FAE04EC0-301F-11D3-BF4B-00C04F79EFBC}") = "MmcBot", "MmcBot\MmcBot.csproj", "{46CFF1F7-CCF0-4717-9B04-CEB4E6227DDE}"
EndProject
Project("{FAE04EC0-301F-11D3-BF4B-00C04F79EFBC}") = "MmcBot.Service", "MmcBot.Service\MmcBot.Service.csproj", "{98199B4E-3AF9-4E57-B8AE-CCE103B57D97}"
EndProject
Project("{FAE04EC0-301F-11D3-BF4B-00C04F79EFBC}") = "MmcBot.Data", "MmcBot.Data\MmcBot.Data.csproj", "{C3A281DB-D13B-4D5F-976B-3C520688A95A}"
EndProject
Global
	GlobalSection(SolutionConfigurationPlatforms) = preSolution
		Debug|Any CPU = Debug|Any CPU
		Release|Any CPU = Release|Any CPU
	EndGlobalSection
	GlobalSection(ProjectConfigurationPlatforms) = postSolution
		{46CFF1F7-CCF0-4717-9B04-CEB4E6227DDE}.Debug|Any CPU.ActiveCfg = Debug|Any CPU
		{46CFF1F7-CCF0-4717-9B04-CEB4E6227DDE}.Debug|Any CPU.Build.0 = Debug|Any CPU
		{46CFF1F7-CCF0-4717-9B04-CEB4E6227DDE}.Release|Any CPU.ActiveCfg = Release|Any CPU
		{46CFF1F7-CCF0-4717-9B04-CEB4E6227DDE}.Release|Any CPU.Build.0 = Release|Any CPU
		{98199B4E-3AF9-4E57-B8AE-CCE103B57D97}.Debug|Any CPU.ActiveCfg = Debug|Any CPU
		{98199B4E-3AF9-4E57-B8AE-CCE103B57D97}.Debug|Any CPU.Build.0 = Debug|Any CPU
		{98199B4E-3AF9-4E57-B8AE-CCE103B57D97}.Release|Any CPU.ActiveCfg = Release|Any CPU
		{98199B4E-3AF9-4E57-B8AE-CCE103B57D97}.Release|Any CPU.Build.0 = Release|Any CPU
		{C3A281DB-D13B-4D5F-976B-3C520688A95A}.Debug|Any CPU.ActiveCfg = Debug|Any CPU
		{C3A281DB-D13B-4D5F-976B-3C520688A95A}.Debug|Any CPU.Build.0 = Debug|Any CPU
		{C3A281DB-D13B-4D5F-976B-3C520688A95A}.Release|Any CPU.ActiveCfg = Release|Any CPU
		{C3A281DB-D13B-4D5F-976B-3C520688A95A}.Release|Any CPU.Build.0 = Release|Any CPU
	EndGlobalSection
EndGlobal
